
Microsoft Visual Studio Solution File, Format Version 12.00
# Visual Studio Version 16
VisualStudioVersion = 16.0.31424.327
MinimumVisualStudioVersion = 10.0.40219.1
Project("{FAE04EC0-301F-11D3-BF4B-00C04F79EFBC}") = "CrudForm", "CrudForm\CrudForm.csproj", "{3755A7E1-CBD4-49F6-AD57-113966FDC532}"
EndProject
Global
	GlobalSection(SolutionConfigurationPlatforms) = preSolution
		Debug|Any CPU = Debug|Any CPU
		Release|Any CPU = Release|Any CPU
	EndGlobalSection
	GlobalSection(ProjectConfigurationPlatforms) = postSolution
		{3755A7E1-CBD4-49F6-AD57-113966FDC532}.Debug|Any CPU.ActiveCfg = Debug|Any CPU
		{3755A7E1-CBD4-49F6-AD57-113966FDC532}.Debug|Any CPU.Build.0 = Debug|Any CPU
		{3755A7E1-CBD4-49F6-AD57-113966FDC532}.Release|Any CPU.ActiveCfg = Release|Any CPU
		{3755A7E1-CBD4-49F6-AD57-113966FDC532}.Release|Any CPU.Build.0 = Release|Any CPU
	EndGlobalSection
	GlobalSection(SolutionProperties) = preSolution
		HideSolutionNode = FALSE
	EndGlobalSection
	GlobalSection(ExtensibilityGlobals) = postSolution
		SolutionGuid = {758D4399-F841-4455-90CD-2AB41E79E36E}
	EndGlobalSection
EndGlobal
